// !$*UTF8*$!
{
	archiveVersion = 1;
	classes = {
	};
	objectVersion = 50;
	objects = {

/* Begin PBXBuildFile section */
		EF271A08245DCB0600F47C9F /* AppDelegate.swift in Sources */ = {isa = PBXBuildFile; fileRef = EF271A07245DCB0600F47C9F /* AppDelegate.swift */; };
		EF271A0A245DCB0600F47C9F /* SceneDelegate.swift in Sources */ = {isa = PBXBuildFile; fileRef = EF271A09245DCB0600F47C9F /* SceneDelegate.swift */; };
		EF271A0D245DCB0600F47C9F /* Snappt.xcdatamodeld in Sources */ = {isa = PBXBuildFile; fileRef = EF271A0B245DCB0600F47C9F /* Snappt.xcdatamodeld */; };
		EF271A0F245DCB0600F47C9F /* ContentView.swift in Sources */ = {isa = PBXBuildFile; fileRef = EF271A0E245DCB0600F47C9F /* ContentView.swift */; };
		EF271A11245DCB0700F47C9F /* Assets.xcassets in Resources */ = {isa = PBXBuildFile; fileRef = EF271A10245DCB0700F47C9F /* Assets.xcassets */; };
		EF271A14245DCB0700F47C9F /* Preview Assets.xcassets in Resources */ = {isa = PBXBuildFile; fileRef = EF271A13245DCB0700F47C9F /* Preview Assets.xcassets */; };
		EF271A17245DCB0700F47C9F /* LaunchScreen.storyboard in Resources */ = {isa = PBXBuildFile; fileRef = EF271A15245DCB0700F47C9F /* LaunchScreen.storyboard */; };
		EF271A22245DCB0700F47C9F /* SnapptUITests.swift in Sources */ = {isa = PBXBuildFile; fileRef = EF271A21245DCB0700F47C9F /* SnapptUITests.swift */; };
/* End PBXBuildFile section */

/* Begin PBXContainerItemProxy section */
		EF271A1E245DCB0700F47C9F /* PBXContainerItemProxy */ = {
			isa = PBXContainerItemProxy;
			containerPortal = EF2719FC245DCB0600F47C9F /* Project object */;
			proxyType = 1;
			remoteGlobalIDString = EF271A03245DCB0600F47C9F;
			remoteInfo = Snappt;
		};
/* End PBXContainerItemProxy section */

/* Begin PBXFileReference section */
		EF271A04245DCB0600F47C9F /* Snappt.app */ = {isa = PBXFileReference; explicitFileType = wrapper.application; includeInIndex = 0; path = Snappt.app; sourceTree = BUILT_PRODUCTS_DIR; };
		EF271A07245DCB0600F47C9F /* AppDelegate.swift */ = {isa = PBXFileReference; lastKnownFileType = sourcecode.swift; path = AppDelegate.swift; sourceTree = "<group>"; };
		EF271A09245DCB0600F47C9F /* SceneDelegate.swift */ = {isa = PBXFileReference; lastKnownFileType = sourcecode.swift; path = SceneDelegate.swift; sourceTree = "<group>"; };
		EF271A0C245DCB0600F47C9F /* Snappt.xcdatamodel */ = {isa = PBXFileReference; lastKnownFileType = wrapper.xcdatamodel; path = Snappt.xcdatamodel; sourceTree = "<group>"; };
		EF271A0E245DCB0600F47C9F /* ContentView.swift */ = {isa = PBXFileReference; lastKnownFileType = sourcecode.swift; path = ContentView.swift; sourceTree = "<group>"; };
		EF271A10245DCB0700F47C9F /* Assets.xcassets */ = {isa = PBXFileReference; lastKnownFileType = folder.assetcatalog; path = Assets.xcassets; sourceTree = "<group>"; };
		EF271A13245DCB0700F47C9F /* Preview Assets.xcassets */ = {isa = PBXFileReference; lastKnownFileType = folder.assetcatalog; path = "Preview Assets.xcassets"; sourceTree = "<group>"; };
		EF271A16245DCB0700F47C9F /* Base */ = {isa = PBXFileReference; lastKnownFileType = file.storyboard; name = Base; path = Base.lproj/LaunchScreen.storyboard; sourceTree = "<group>"; };
		EF271A18245DCB0700F47C9F /* Info.plist */ = {isa = PBXFileReference; lastKnownFileType = text.plist.xml; path = Info.plist; sourceTree = "<group>"; };
		EF271A1D245DCB0700F47C9F /* SnapptUITests.xctest */ = {isa = PBXFileReference; explicitFileType = wrapper.cfbundle; includeInIndex = 0; path = SnapptUITests.xctest; sourceTree = BUILT_PRODUCTS_DIR; };
		EF271A21245DCB0700F47C9F /* SnapptUITests.swift */ = {isa = PBXFileReference; lastKnownFileType = sourcecode.swift; path = SnapptUITests.swift; sourceTree = "<group>"; };
		EF271A23245DCB0700F47C9F /* Info.plist */ = {isa = PBXFileReference; lastKnownFileType = text.plist.xml; path = Info.plist; sourceTree = "<group>"; };
/* End PBXFileReference section */

/* Begin PBXFrameworksBuildPhase section */
		EF271A01245DCB0600F47C9F /* Frameworks */ = {
			isa = PBXFrameworksBuildPhase;
			buildActionMask = 2147483647;
			files = (
			);
			runOnlyForDeploymentPostprocessing = 0;
		};
		EF271A1A245DCB0700F47C9F /* Frameworks */ = {
			isa = PBXFrameworksBuildPhase;
			buildActionMask = 2147483647;
			files = (
			);
			runOnlyForDeploymentPostprocessing = 0;
		};
/* End PBXFrameworksBuildPhase section */

/* Begin PBXGroup section */
		EF2719FB245DCB0600F47C9F = {
			isa = PBXGroup;
			children = (
				EF271A06245DCB0600F47C9F /* Snappt */,
				EF271A20245DCB0700F47C9F /* SnapptUITests */,
				EF271A05245DCB0600F47C9F /* Products */,
			);
			sourceTree = "<group>";
		};
		EF271A05245DCB0600F47C9F /* Products */ = {
			isa = PBXGroup;
			children = (
				EF271A04245DCB0600F47C9F /* Snappt.app */,
				EF271A1D245DCB0700F47C9F /* SnapptUITests.xctest */,
			);
			name = Products;
			sourceTree = "<group>";
		};
		EF271A06245DCB0600F47C9F /* Snappt */ = {
			isa = PBXGroup;
			children = (
				EF271A07245DCB0600F47C9F /* AppDelegate.swift */,
				EF271A09245DCB0600F47C9F /* SceneDelegate.swift */,
				EF271A0E245DCB0600F47C9F /* ContentView.swift */,
				EF271A10245DCB0700F47C9F /* Assets.xcassets */,
				EF271A15245DCB0700F47C9F /* LaunchScreen.storyboard */,
				EF271A18245DCB0700F47C9F /* Info.plist */,
				EF271A0B245DCB0600F47C9F /* Snappt.xcdatamodeld */,
				EF271A12245DCB0700F47C9F /* Preview Content */,
			);
			path = Snappt;
			sourceTree = "<group>";
		};
		EF271A12245DCB0700F47C9F /* Preview Content */ = {
			isa = PBXGroup;
			children = (
				EF271A13245DCB0700F47C9F /* Preview Assets.xcassets */,
			);
			path = "Preview Content";
			sourceTree = "<group>";
		};
		EF271A20245DCB0700F47C9F /* SnapptUITests */ = {
			isa = PBXGroup;
			children = (
				EF271A21245DCB0700F47C9F /* SnapptUITests.swift */,
				EF271A23245DCB0700F47C9F /* Info.plist */,
			);
			path = SnapptUITests;
			sourceTree = "<group>";
		};
/* End PBXGroup section */

/* Begin PBXNativeTarget section */
		EF271A03245DCB0600F47C9F /* Snappt */ = {
			isa = PBXNativeTarget;
			buildConfigurationList = EF271A26245DCB0700F47C9F /* Build configuration list for PBXNativeTarget "Snappt" */;
			buildPhases = (
				EF271A00245DCB0600F47C9F /* Sources */,
				EF271A01245DCB0600F47C9F /* Frameworks */,
				EF271A02245DCB0600F47C9F /* Resources */,
			);
			buildRules = (
			);
			dependencies = (
			);
			name = Snappt;
			productName = Snappt;
			productReference = EF271A04245DCB0600F47C9F /* Snappt.app */;
			productType = "com.apple.product-type.application";
		};
		EF271A1C245DCB0700F47C9F /* SnapptUITests */ = {
			isa = PBXNativeTarget;
			buildConfigurationList = EF271A29245DCB0700F47C9F /* Build configuration list for PBXNativeTarget "SnapptUITests" */;
			buildPhases = (
				EF271A19245DCB0700F47C9F /* Sources */,
				EF271A1A245DCB0700F47C9F /* Frameworks */,
				EF271A1B245DCB0700F47C9F /* Resources */,
			);
			buildRules = (
			);
			dependencies = (
				EF271A1F245DCB0700F47C9F /* PBXTargetDependency */,
			);
			name = SnapptUITests;
			productName = SnapptUITests;
			productReference = EF271A1D245DCB0700F47C9F /* SnapptUITests.xctest */;
			productType = "com.apple.product-type.bundle.ui-testing";
		};
/* End PBXNativeTarget section */

/* Begin PBXProject section */
		EF2719FC245DCB0600F47C9F /* Project object */ = {
			isa = PBXProject;
			attributes = {
				LastSwiftUpdateCheck = 1130;
				LastUpgradeCheck = 1130;
				ORGANIZATIONNAME = "Mackenzie Bryant";
				TargetAttributes = {
					EF271A03245DCB0600F47C9F = {
						CreatedOnToolsVersion = 11.3.1;
					};
					EF271A1C245DCB0700F47C9F = {
						CreatedOnToolsVersion = 11.3.1;
						TestTargetID = EF271A03245DCB0600F47C9F;
					};
				};
			};
			buildConfigurationList = EF2719FF245DCB0600F47C9F /* Build configuration list for PBXProject "Snappt" */;
			compatibilityVersion = "Xcode 9.3";
			developmentRegion = en;
			hasScannedForEncodings = 0;
			knownRegions = (
				en,
				Base,
			);
			mainGroup = EF2719FB245DCB0600F47C9F;
			productRefGroup = EF271A05245DCB0600F47C9F /* Products */;
			projectDirPath = "";
			projectRoot = "";
			targets = (
				EF271A03245DCB0600F47C9F /* Snappt */,
				EF271A1C245DCB0700F47C9F /* SnapptUITests */,
			);
		};
/* End PBXProject section */

/* Begin PBXResourcesBuildPhase section */
		EF271A02245DCB0600F47C9F /* Resources */ = {
			isa = PBXResourcesBuildPhase;
			buildActionMask = 2147483647;
			files = (
				EF271A17245DCB0700F47C9F /* LaunchScreen.storyboard in Resources */,
				EF271A14245DCB0700F47C9F /* Preview Assets.xcassets in Resources */,
				EF271A11245DCB0700F47C9F /* Assets.xcassets in Resources */,
			);
			runOnlyForDeploymentPostprocessing = 0;
		};
		EF271A1B245DCB0700F47C9F /* Resources */ = {
			isa = PBXResourcesBuildPhase;
			buildActionMask = 2147483647;
			files = (
			);
			runOnlyForDeploymentPostprocessing = 0;
		};
/* End PBXResourcesBuildPhase section */

/* Begin PBXSourcesBuildPhase section */
		EF271A00245DCB0600F47C9F /* Sources */ = {
			isa = PBXSourcesBuildPhase;
			buildActionMask = 2147483647;
			files = (
				EF271A08245DCB0600F47C9F /* AppDelegate.swift in Sources */,
				EF271A0A245DCB0600F47C9F /* SceneDelegate.swift in Sources */,
				EF271A0F245DCB0600F47C9F /* ContentView.swift in Sources */,
				EF271A0D245DCB0600F47C9F /* Snappt.xcdatamodeld in Sources */,
			);
			runOnlyForDeploymentPostprocessing = 0;
		};
		EF271A19245DCB0700F47C9F /* Sources */ = {
			isa = PBXSourcesBuildPhase;
			buildActionMask = 2147483647;
			files = (
				EF271A22245DCB0700F47C9F /* SnapptUITests.swift in Sources */,
			);
			runOnlyForDeploymentPostprocessing = 0;
		};
/* End PBXSourcesBuildPhase section */

/* Begin PBXTargetDependency section */
		EF271A1F245DCB0700F47C9F /* PBXTargetDependency */ = {
			isa = PBXTargetDependency;
			target = EF271A03245DCB0600F47C9F /* Snappt */;
			targetProxy = EF271A1E245DCB0700F47C9F /* PBXContainerItemProxy */;
		};
/* End PBXTargetDependency section */

/* Begin PBXVariantGroup section */
		EF271A15245DCB0700F47C9F /* LaunchScreen.storyboard */ = {
			isa = PBXVariantGroup;
			children = (
				EF271A16245DCB0700F47C9F /* Base */,
			);
			name = LaunchScreen.storyboard;
			sourceTree = "<group>";
		};
/* End PBXVariantGroup section */

/* Begin XCBuildConfiguration section */
		EF271A24245DCB0700F47C9F /* Debug */ = {
			isa = XCBuildConfiguration;
			buildSettings = {
				ALWAYS_SEARCH_USER_PATHS = NO;
				CLANG_ANALYZER_NONNULL = YES;
				CLANG_ANALYZER_NUMBER_OBJECT_CONVERSION = YES_AGGRESSIVE;
				CLANG_CXX_LANGUAGE_STANDARD = "gnu++14";
				CLANG_CXX_LIBRARY = "libc++";
				CLANG_ENABLE_MODULES = YES;
				CLANG_ENABLE_OBJC_ARC = YES;
				CLANG_ENABLE_OBJC_WEAK = YES;
				CLANG_WARN_BLOCK_CAPTURE_AUTORELEASING = YES;
				CLANG_WARN_BOOL_CONVERSION = YES;
				CLANG_WARN_COMMA = YES;
				CLANG_WARN_CONSTANT_CONVERSION = YES;
				CLANG_WARN_DEPRECATED_OBJC_IMPLEMENTATIONS = YES;
				CLANG_WARN_DIRECT_OBJC_ISA_USAGE = YES_ERROR;
				CLANG_WARN_DOCUMENTATION_COMMENTS = YES;
				CLANG_WARN_EMPTY_BODY = YES;
				CLANG_WARN_ENUM_CONVERSION = YES;
				CLANG_WARN_INFINITE_RECURSION = YES;
				CLANG_WARN_INT_CONVERSION = YES;
				CLANG_WARN_NON_LITERAL_NULL_CONVERSION = YES;
				CLANG_WARN_OBJC_IMPLICIT_RETAIN_SELF = YES;
				CLANG_WARN_OBJC_LITERAL_CONVERSION = YES;
				CLANG_WARN_OBJC_ROOT_CLASS = YES_ERROR;
				CLANG_WARN_RANGE_LOOP_ANALYSIS = YES;
				CLANG_WARN_STRICT_PROTOTYPES = YES;
				CLANG_WARN_SUSPICIOUS_MOVE = YES;
				CLANG_WARN_UNGUARDED_AVAILABILITY = YES_AGGRESSIVE;
				CLANG_WARN_UNREACHABLE_CODE = YES;
				CLANG_WARN__DUPLICATE_METHOD_MATCH = YES;
				COPY_PHASE_STRIP = NO;
				DEBUG_INFORMATION_FORMAT = dwarf;
				ENABLE_STRICT_OBJC_MSGSEND = YES;
				ENABLE_TESTABILITY = YES;
				GCC_C_LANGUAGE_STANDARD = gnu11;
				GCC_DYNAMIC_NO_PIC = NO;
				GCC_NO_COMMON_BLOCKS = YES;
				GCC_OPTIMIZATION_LEVEL = 0;
				GCC_PREPROCESSOR_DEFINITIONS = (
					"DEBUG=1",
					"$(inherited)",
				);
				GCC_WARN_64_TO_32_BIT_CONVERSION = YES;
				GCC_WARN_ABOUT_RETURN_TYPE = YES_ERROR;
				GCC_WARN_UNDECLARED_SELECTOR = YES;
				GCC_WARN_UNINITIALIZED_AUTOS = YES_AGGRESSIVE;
				GCC_WARN_UNUSED_FUNCTION = YES;
				GCC_WARN_UNUSED_VARIABLE = YES;
				IPHONEOS_DEPLOYMENT_TARGET = 13.2;
				MTL_ENABLE_DEBUG_INFO = INCLUDE_SOURCE;
				MTL_FAST_MATH = YES;
				ONLY_ACTIVE_ARCH = YES;
				SDKROOT = iphoneos;
				SWIFT_ACTIVE_COMPILATION_CONDITIONS = DEBUG;
				SWIFT_OPTIMIZATION_LEVEL = "-Onone";
			};
			name = Debug;
		};
		EF271A25245DCB0700F47C9F /* Release */ = {
			isa = XCBuildConfiguration;
			buildSettings = {
				ALWAYS_SEARCH_USER_PATHS = NO;
				CLANG_ANALYZER_NONNULL = YES;
				CLANG_ANALYZER_NUMBER_OBJECT_CONVERSION = YES_AGGRESSIVE;
				CLANG_CXX_LANGUAGE_STANDARD = "gnu++14";
				CLANG_CXX_LIBRARY = "libc++";
				CLANG_ENABLE_MODULES = YES;
				CLANG_ENABLE_OBJC_ARC = YES;
				CLANG_ENABLE_OBJC_WEAK = YES;
				CLANG_WARN_BLOCK_CAPTURE_AUTORELEASING = YES;
				CLANG_WARN_BOOL_CONVERSION = YES;
				CLANG_WARN_COMMA = YES;
				CLANG_WARN_CONSTANT_CONVERSION = YES;
				CLANG_WARN_DEPRECATED_OBJC_IMPLEMENTATIONS = YES;
				CLANG_WARN_DIRECT_OBJC_ISA_USAGE = YES_ERROR;
				CLANG_WARN_DOCUMENTATION_COMMENTS = YES;
				CLANG_WARN_EMPTY_BODY = YES;
				CLANG_WARN_ENUM_CONVERSION = YES;
				CLANG_WARN_INFINITE_RECURSION = YES;
				CLANG_WARN_INT_CONVERSION = YES;
				CLANG_WARN_NON_LITERAL_NULL_CONVERSION = YES;
				CLANG_WARN_OBJC_IMPLICIT_RETAIN_SELF = YES;
				CLANG_WARN_OBJC_LITERAL_CONVERSION = YES;
				CLANG_WARN_OBJC_ROOT_CLASS = YES_ERROR;
				CLANG_WARN_RANGE_LOOP_ANALYSIS = YES;
				CLANG_WARN_STRICT_PROTOTYPES = YES;
				CLANG_WARN_SUSPICIOUS_MOVE = YES;
				CLANG_WARN_UNGUARDED_AVAILABILITY = YES_AGGRESSIVE;
				CLANG_WARN_UNREACHABLE_CODE = YES;
				CLANG_WARN__DUPLICATE_METHOD_MATCH = YES;
				COPY_PHASE_STRIP = NO;
				DEBUG_INFORMATION_FORMAT = "dwarf-with-dsym";
				ENABLE_NS_ASSERTIONS = NO;
				ENABLE_STRICT_OBJC_MSGSEND = YES;
				GCC_C_LANGUAGE_STANDARD = gnu11;
				GCC_NO_COMMON_BLOCKS = YES;
				GCC_WARN_64_TO_32_BIT_CONVERSION = YES;
				GCC_WARN_ABOUT_RETURN_TYPE = YES_ERROR;
				GCC_WARN_UNDECLARED_SELECTOR = YES;
				GCC_WARN_UNINITIALIZED_AUTOS = YES_AGGRESSIVE;
				GCC_WARN_UNUSED_FUNCTION = YES;
				GCC_WARN_UNUSED_VARIABLE = YES;
				IPHONEOS_DEPLOYMENT_TARGET = 13.2;
				MTL_ENABLE_DEBUG_INFO = NO;
				MTL_FAST_MATH = YES;
				SDKROOT = iphoneos;
				SWIFT_COMPILATION_MODE = wholemodule;
				SWIFT_OPTIMIZATION_LEVEL = "-O";
				VALIDATE_PRODUCT = YES;
			};
			name = Release;
		};
		EF271A27245DCB0700F47C9F /* Debug */ = {
			isa = XCBuildConfiguration;
			buildSettings = {
				ASSETCATALOG_COMPILER_APPICON_NAME = AppIcon;
				CODE_SIGN_STYLE = Automatic;
				DEVELOPMENT_ASSET_PATHS = "\"Snappt/Preview Content\"";
				DEVELOPMENT_TEAM = Q5MMV3HZA8;
				ENABLE_PREVIEWS = YES;
				INFOPLIST_FILE = Snappt/Info.plist;
				LD_RUNPATH_SEARCH_PATHS = (
					"$(inherited)",
					"@executable_path/Frameworks",
				);
				PRODUCT_BUNDLE_IDENTIFIER = com.MackenzieBryant.Snappt;
				PRODUCT_NAME = "$(TARGET_NAME)";
				SWIFT_VERSION = 5.0;
				TARGETED_DEVICE_FAMILY = "1,2";
			};
			name = Debug;
		};
		EF271A28245DCB0700F47C9F /* Release */ = {
			isa = XCBuildConfiguration;
			buildSettings = {
				ASSETCATALOG_COMPILER_APPICON_NAME = AppIcon;
				CODE_SIGN_STYLE = Automatic;
				DEVELOPMENT_ASSET_PATHS = "\"Snappt/Preview Content\"";
				DEVELOPMENT_TEAM = Q5MMV3HZA8;
				ENABLE_PREVIEWS = YES;
				INFOPLIST_FILE = Snappt/Info.plist;
				LD_RUNPATH_SEARCH_PATHS = (
					"$(inherited)",
					"@executable_path/Frameworks",
				);
				PRODUCT_BUNDLE_IDENTIFIER = com.MackenzieBryant.Snappt;
				PRODUCT_NAME = "$(TARGET_NAME)";
				SWIFT_VERSION = 5.0;
				TARGETED_DEVICE_FAMILY = "1,2";
			};
			name = Release;
		};
		EF271A2A245DCB0700F47C9F /* Debug */ = {
			isa = XCBuildConfiguration;
			buildSettings = {
				ALWAYS_EMBED_SWIFT_STANDARD_LIBRARIES = YES;
				CODE_SIGN_STYLE = Automatic;
				DEVELOPMENT_TEAM = Q5MMV3HZA8;
				INFOPLIST_FILE = SnapptUITests/Info.plist;
				LD_RUNPATH_SEARCH_PATHS = (
					"$(inherited)",
					"@executable_path/Frameworks",
					"@loader_path/Frameworks",
				);
				PRODUCT_BUNDLE_IDENTIFIER = com.MackenzieBryant.SnapptUITests;
				PRODUCT_NAME = "$(TARGET_NAME)";
				SWIFT_VERSION = 5.0;
				TARGETED_DEVICE_FAMILY = "1,2";
				TEST_TARGET_NAME = Snappt;
			};
			name = Debug;
		};
		EF271A2B245DCB0700F47C9F /* Release */ = {
			isa = XCBuildConfiguration;
			buildSettings = {
				ALWAYS_EMBED_SWIFT_STANDARD_LIBRARIES = YES;
				CODE_SIGN_STYLE = Automatic;
				DEVELOPMENT_TEAM = Q5MMV3HZA8;
				INFOPLIST_FILE = SnapptUITests/Info.plist;
				LD_RUNPATH_SEARCH_PATHS = (
					"$(inherited)",
					"@executable_path/Frameworks",
					"@loader_path/Frameworks",
				);
				PRODUCT_BUNDLE_IDENTIFIER = com.MackenzieBryant.SnapptUITests;
				PRODUCT_NAME = "$(TARGET_NAME)";
				SWIFT_VERSION = 5.0;
				TARGETED_DEVICE_FAMILY = "1,2";
				TEST_TARGET_NAME = Snappt;
			};
			name = Release;
		};
/* End XCBuildConfiguration section */

/* Begin XCConfigurationList section */
		EF2719FF245DCB0600F47C9F /* Build configuration list for PBXProject "Snappt" */ = {
			isa = XCConfigurationList;
			buildConfigurations = (
				EF271A24245DCB0700F47C9F /* Debug */,
				EF271A25245DCB0700F47C9F /* Release */,
			);
			defaultConfigurationIsVisible = 0;
			defaultConfigurationName = Release;
		};
		EF271A26245DCB0700F47C9F /* Build configuration list for PBXNativeTarget "Snappt" */ = {
			isa = XCConfigurationList;
			buildConfigurations = (
				EF271A27245DCB0700F47C9F /* Debug */,
				EF271A28245DCB0700F47C9F /* Release */,
			);
			defaultConfigurationIsVisible = 0;
			defaultConfigurationName = Release;
		};
		EF271A29245DCB0700F47C9F /* Build configuration list for PBXNativeTarget "SnapptUITests" */ = {
			isa = XCConfigurationList;
			buildConfigurations = (
				EF271A2A245DCB0700F47C9F /* Debug */,
				EF271A2B245DCB0700F47C9F /* Release */,
			);
			defaultConfigurationIsVisible = 0;
			defaultConfigurationName = Release;
		};
/* End XCConfigurationList section */

/* Begin XCVersionGroup section */
		EF271A0B245DCB0600F47C9F /* Snappt.xcdatamodeld */ = {
			isa = XCVersionGroup;
			children = (
				EF271A0C245DCB0600F47C9F /* Snappt.xcdatamodel */,
			);
			currentVersion = EF271A0C245DCB0600F47C9F /* Snappt.xcdatamodel */;
			path = Snappt.xcdatamodeld;
			sourceTree = "<group>";
			versionGroupType = wrapper.xcdatamodel;
		};
/* End XCVersionGroup section */
	};
	rootObject = EF2719FC245DCB0600F47C9F /* Project object */;
}
